
Microsoft Visual Studio Solution File, Format Version 12.00
# Visual Studio Version 17
VisualStudioVersion = 17.13.35931.197 d17.13
MinimumVisualStudioVersion = 10.0.40219.1
Project("{FAE04EC0-301F-11D3-BF4B-00C04F79EFBC}") = "ChatClient", "ChatClient\ChatClient.csproj", "{CC959228-83C7-4558-B4C2-8DB37A4ED362}"
EndProject
Global
	GlobalSection(SolutionConfigurationPlatforms) = preSolution
		Debug|Any CPU = Debug|Any CPU
		Release|Any CPU = Release|Any CPU
	EndGlobalSection
	GlobalSection(ProjectConfigurationPlatforms) = postSolution
		{CC959228-83C7-4558-B4C2-8DB37A4ED362}.Debug|Any CPU.ActiveCfg = Debug|Any CPU
		{CC959228-83C7-4558-B4C2-8DB37A4ED362}.Debug|Any CPU.Build.0 = Debug|Any CPU
		{CC959228-83C7-4558-B4C2-8DB37A4ED362}.Release|Any CPU.ActiveCfg = Release|Any CPU
		{CC959228-83C7-4558-B4C2-8DB37A4ED362}.Release|Any CPU.Build.0 = Release|Any CPU
	EndGlobalSection
	GlobalSection(SolutionProperties) = preSolution
		HideSolutionNode = FALSE
	EndGlobalSection
	GlobalSection(ExtensibilityGlobals) = postSolution
		SolutionGuid = {C4654AE6-D0A3-4478-BE8D-CE8F518DA8BA}
	EndGlobalSection
EndGlobal
